{
  "originHash" : "f8841f5084cc1bc0ca89d2ceea841426f101a34de952e10ae9463a174937d2cb",
  "pins" : [
    {
      "identity" : "objectbox-swift-spm",
      "kind" : "remoteSourceControl",
      "location" : "https://github.com/objectbox/objectbox-swift-spm.git",
      "state" : {
        "revision" : "58116eabfb2b70003fb355e7859e3e9c99cded13",
        "version" : "4.4.0"
      }
    },
    {
      "identity" : "runtime",
      "kind" : "remoteSourceControl",
      "location" : "https://github.com/wickwirew/Runtime",
      "state" : {
        "revision" : "b90e9ab1c66a964a9edf32fe38ea2774c0e5821b",
        "version" : "2.2.7"
      }
    }
  ],
  "version" : 3
}
